// !$*UTF8*$!
{
	archiveVersion = 1;
	classes = {
	};
	objectVersion = 48;
	objects = {

/* Begin PBXBuildFile section */
		B41052241EC2BA04006D9146 /* AppDelegate.swift in Sources */ = {isa = PBXBuildFile; fileRef = B41052231EC2BA04006D9146 /* AppDelegate.swift */; };
		B41052291EC2BA04006D9146 /* Main.storyboard in Resources */ = {isa = PBXBuildFile; fileRef = B41052271EC2BA04006D9146 /* Main.storyboard */; };
		B410522E1EC2BA04006D9146 /* LaunchScreen.storyboard in Resources */ = {isa = PBXBuildFile; fileRef = B410522C1EC2BA04006D9146 /* LaunchScreen.storyboard */; };
		B47143DA1ECF6EAD0026C5B4 /* Assets.xcassets in Resources */ = {isa = PBXBuildFile; fileRef = B47143D81ECF6EAD0026C5B4 /* Assets.xcassets */; };
		B47143DF1ECF6EC10026C5B4 /* MessagesTableViewController.swift in Sources */ = {isa = PBXBuildFile; fileRef = B47143DC1ECF6EC10026C5B4 /* MessagesTableViewController.swift */; };
		B47143E01ECF6EC10026C5B4 /* MessagesTableViewController+DataSource.swift in Sources */ = {isa = PBXBuildFile; fileRef = B47143DD1ECF6EC10026C5B4 /* MessagesTableViewController+DataSource.swift */; };
		B47143E11ECF6EC10026C5B4 /* PayloadsTableViewController.swift in Sources */ = {isa = PBXBuildFile; fileRef = B47143DE1ECF6EC10026C5B4 /* PayloadsTableViewController.swift */; };
/* End PBXBuildFile section */

/* Begin PBXFileReference section */
		1426D16B1ED030FC0082EAE0 /* NFCTagReader.entitlements */ = {isa = PBXFileReference; lastKnownFileType = text.plist.entitlements; name = NFCTagReader.entitlements; path = ../NFCTagReader.entitlements; sourceTree = "<group>"; };
		B41052201EC2BA04006D9146 /* NFCTagReader.app */ = {isa = PBXFileReference; explicitFileType = wrapper.application; includeInIndex = 0; path = NFCTagReader.app; sourceTree = BUILT_PRODUCTS_DIR; };
		B41052231EC2BA04006D9146 /* AppDelegate.swift */ = {isa = PBXFileReference; lastKnownFileType = sourcecode.swift; path = AppDelegate.swift; sourceTree = "<group>"; };
		B41052281EC2BA04006D9146 /* Base */ = {isa = PBXFileReference; lastKnownFileType = file.storyboard; name = Base; path = Base.lproj/Main.storyboard; sourceTree = "<group>"; };
		B410522D1EC2BA04006D9146 /* Base */ = {isa = PBXFileReference; lastKnownFileType = file.storyboard; name = Base; path = Base.lproj/LaunchScreen.storyboard; sourceTree = "<group>"; };
		B47143D81ECF6EAD0026C5B4 /* Assets.xcassets */ = {isa = PBXFileReference; lastKnownFileType = folder.assetcatalog; path = Assets.xcassets; sourceTree = "<group>"; };
		B47143D91ECF6EAD0026C5B4 /* Info.plist */ = {isa = PBXFileReference; fileEncoding = 4; lastKnownFileType = text.plist.xml; path = Info.plist; sourceTree = "<group>"; };
		B47143DC1ECF6EC10026C5B4 /* MessagesTableViewController.swift */ = {isa = PBXFileReference; fileEncoding = 4; lastKnownFileType = sourcecode.swift; path = MessagesTableViewController.swift; sourceTree = "<group>"; };
		B47143DD1ECF6EC10026C5B4 /* MessagesTableViewController+DataSource.swift */ = {isa = PBXFileReference; fileEncoding = 4; lastKnownFileType = sourcecode.swift; path = "MessagesTableViewController+DataSource.swift"; sourceTree = "<group>"; };
		B47143DE1ECF6EC10026C5B4 /* PayloadsTableViewController.swift */ = {isa = PBXFileReference; fileEncoding = 4; lastKnownFileType = sourcecode.swift; path = PayloadsTableViewController.swift; sourceTree = "<group>"; };
/* End PBXFileReference section */

/* Begin PBXFrameworksBuildPhase section */
		B410521D1EC2BA04006D9146 /* Frameworks */ = {
			isa = PBXFrameworksBuildPhase;
			buildActionMask = 2147483647;
			files = (
			);
			runOnlyForDeploymentPostprocessing = 0;
		};
/* End PBXFrameworksBuildPhase section */

/* Begin PBXGroup section */
		B41052171EC2BA04006D9146 = {
			isa = PBXGroup;
			children = (
				B41052221EC2BA04006D9146 /* NFCTagReader */,
				B41052211EC2BA04006D9146 /* Products */,
			);
			sourceTree = "<group>";
		};
		B41052211EC2BA04006D9146 /* Products */ = {
			isa = PBXGroup;
			children = (
				B41052201EC2BA04006D9146 /* NFCTagReader.app */,
			);
			name = Products;
			sourceTree = "<group>";
		};
		B41052221EC2BA04006D9146 /* NFCTagReader */ = {
			isa = PBXGroup;
			children = (
				B41052231EC2BA04006D9146 /* AppDelegate.swift */,
				B47143DC1ECF6EC10026C5B4 /* MessagesTableViewController.swift */,
				B47143DD1ECF6EC10026C5B4 /* MessagesTableViewController+DataSource.swift */,
				B47143DE1ECF6EC10026C5B4 /* PayloadsTableViewController.swift */,
				B47143D71ECF6E260026C5B4 /* Resources */,
			);
			path = NFCTagReader;
			sourceTree = "<group>";
		};
		B47143D71ECF6E260026C5B4 /* Resources */ = {
			isa = PBXGroup;
			children = (
				1426D16B1ED030FC0082EAE0 /* NFCTagReader.entitlements */,
				B47143D81ECF6EAD0026C5B4 /* Assets.xcassets */,
				B47143D91ECF6EAD0026C5B4 /* Info.plist */,
				B41052271EC2BA04006D9146 /* Main.storyboard */,
				B410522C1EC2BA04006D9146 /* LaunchScreen.storyboard */,
			);
			path = Resources;
			sourceTree = "<group>";
		};
/* End PBXGroup section */

/* Begin PBXNativeTarget section */
		B410521F1EC2BA04006D9146 /* NFCTagReader */ = {
			isa = PBXNativeTarget;
			buildConfigurationList = B41052321EC2BA04006D9146 /* Build configuration list for PBXNativeTarget "NFCTagReader" */;
			buildPhases = (
				B410521C1EC2BA04006D9146 /* Sources */,
				B410521D1EC2BA04006D9146 /* Frameworks */,
				B410521E1EC2BA04006D9146 /* Resources */,
			);
			buildRules = (
			);
			dependencies = (
			);
			name = NFCTagReader;
			productName = NFCTagReader;
			productReference = B41052201EC2BA04006D9146 /* NFCTagReader.app */;
			productType = "com.apple.product-type.application";
		};
/* End PBXNativeTarget section */

/* Begin PBXProject section */
		B41052181EC2BA04006D9146 /* Project object */ = {
			isa = PBXProject;
			attributes = {
				LastSwiftUpdateCheck = 0900;
				LastUpgradeCheck = 1000;
				ORGANIZATIONNAME = Apple;
				TargetAttributes = {
					B410521F1EC2BA04006D9146 = {
						CreatedOnToolsVersion = 9.0;
						LastSwiftMigration = 0900;
						ProvisioningStyle = Automatic;
						SystemCapabilities = {
							com.apple.Push = {
								enabled = 0;
							};
							com.apple.Wallet = {
								enabled = 0;
							};
						};
					};
				};
			};
			buildConfigurationList = B410521B1EC2BA04006D9146 /* Build configuration list for PBXProject "NFCTagReader" */;
			compatibilityVersion = "Xcode 8.0";
			developmentRegion = en;
			hasScannedForEncodings = 0;
			knownRegions = (
				en,
				Base,
			);
			mainGroup = B41052171EC2BA04006D9146;
			productRefGroup = B41052211EC2BA04006D9146 /* Products */;
			projectDirPath = "";
			projectRoot = "";
			targets = (
				B410521F1EC2BA04006D9146 /* NFCTagReader */,
			);
		};
/* End PBXProject section */

/* Begin PBXResourcesBuildPhase section */
		B410521E1EC2BA04006D9146 /* Resources */ = {
			isa = PBXResourcesBuildPhase;
			buildActionMask = 2147483647;
			files = (
				B410522E1EC2BA04006D9146 /* LaunchScreen.storyboard in Resources */,
				B47143DA1ECF6EAD0026C5B4 /* Assets.xcassets in Resources */,
				B41052291EC2BA04006D9146 /* Main.storyboard in Resources */,
			);
			runOnlyForDeploymentPostprocessing = 0;
		};
/* End PBXResourcesBuildPhase section */

/* Begin PBXSourcesBuildPhase section */
		B410521C1EC2BA04006D9146 /* Sources */ = {
			isa = PBXSourcesBuildPhase;
			buildActionMask = 2147483647;
			files = (
				B47143E11ECF6EC10026C5B4 /* PayloadsTableViewController.swift in Sources */,
				B47143E01ECF6EC10026C5B4 /* MessagesTableViewController+DataSource.swift in Sources */,
				B47143DF1ECF6EC10026C5B4 /* MessagesTableViewController.swift in Sources */,
				B41052241EC2BA04006D9146 /* AppDelegate.swift in Sources */,
			);
			runOnlyForDeploymentPostprocessing = 0;
		};
/* End PBXSourcesBuildPhase section */

/* Begin PBXVariantGroup section */
		B41052271EC2BA04006D9146 /* Main.storyboard */ = {
			isa = PBXVariantGroup;
			children = (
				B41052281EC2BA04006D9146 /* Base */,
			);
			name = Main.storyboard;
			path = ..;
			sourceTree = "<group>";
		};
		B410522C1EC2BA04006D9146 /* LaunchScreen.storyboard */ = {
			isa = PBXVariantGroup;
			children = (
				B410522D1EC2BA04006D9146 /* Base */,
			);
			name = LaunchScreen.storyboard;
			path = ..;
			sourceTree = "<group>";
		};
/* End PBXVariantGroup section */

/* Begin XCBuildConfiguration section */
		B41052301EC2BA04006D9146 /* Debug */ = {
			isa = XCBuildConfiguration;
			buildSettings = {
				ALWAYS_SEARCH_USER_PATHS = NO;
				CLANG_ANALYZER_NONNULL = YES;
				CLANG_ANALYZER_NUMBER_OBJECT_CONVERSION = YES_AGGRESSIVE;
				CLANG_CXX_LANGUAGE_STANDARD = "gnu++14";
				CLANG_CXX_LIBRARY = "libc++";
				CLANG_ENABLE_MODULES = YES;
				CLANG_ENABLE_OBJC_ARC = YES;
				CLANG_WARN_BLOCK_CAPTURE_AUTORELEASING = YES;
				CLANG_WARN_BOOL_CONVERSION = YES;
				CLANG_WARN_COMMA = YES;
				CLANG_WARN_CONSTANT_CONVERSION = YES;
				CLANG_WARN_DEPRECATED_OBJC_IMPLEMENTATIONS = YES;
				CLANG_WARN_DIRECT_OBJC_ISA_USAGE = YES_ERROR;
				CLANG_WARN_DOCUMENTATION_COMMENTS = YES;
				CLANG_WARN_EMPTY_BODY = YES;
				CLANG_WARN_ENUM_CONVERSION = YES;
				CLANG_WARN_INFINITE_RECURSION = YES;
				CLANG_WARN_INT_CONVERSION = YES;
				CLANG_WARN_NON_LITERAL_NULL_CONVERSION = YES;
				CLANG_WARN_OBJC_IMPLICIT_RETAIN_SELF = YES;
				CLANG_WARN_OBJC_LITERAL_CONVERSION = YES;
				CLANG_WARN_OBJC_ROOT_CLASS = YES_ERROR;
				CLANG_WARN_RANGE_LOOP_ANALYSIS = YES;
				CLANG_WARN_STRICT_PROTOTYPES = YES;
				CLANG_WARN_SUSPICIOUS_MOVE = YES;
				CLANG_WARN_UNGUARDED_AVAILABILITY = YES;
				CLANG_WARN_UNREACHABLE_CODE = YES;
				CLANG_WARN__DUPLICATE_METHOD_MATCH = YES;
				COPY_PHASE_STRIP = NO;
				DEBUG_INFORMATION_FORMAT = dwarf;
				ENABLE_STRICT_OBJC_MSGSEND = YES;
				ENABLE_TESTABILITY = YES;
				GCC_C_LANGUAGE_STANDARD = gnu11;
				GCC_DYNAMIC_NO_PIC = NO;
				GCC_NO_COMMON_BLOCKS = YES;
				GCC_OPTIMIZATION_LEVEL = 0;
				GCC_PREPROCESSOR_DEFINITIONS = (
					"DEBUG=1",
					"$(inherited)",
				);
				GCC_WARN_64_TO_32_BIT_CONVERSION = YES;
				GCC_WARN_ABOUT_RETURN_TYPE = YES_ERROR;
				GCC_WARN_UNDECLARED_SELECTOR = YES;
				GCC_WARN_UNINITIALIZED_AUTOS = YES_AGGRESSIVE;
				GCC_WARN_UNUSED_FUNCTION = YES;
				GCC_WARN_UNUSED_VARIABLE = YES;
				IPHONEOS_DEPLOYMENT_TARGET = 12.0;
				MTL_ENABLE_DEBUG_INFO = YES;
				ONLY_ACTIVE_ARCH = YES;
				SDKROOT = iphoneos;
				SWIFT_ACTIVE_COMPILATION_CONDITIONS = DEBUG;
				SWIFT_OPTIMIZATION_LEVEL = "-Onone";
			};
			name = Debug;
		};
		B41052311EC2BA04006D9146 /* Release */ = {
			isa = XCBuildConfiguration;
			buildSettings = {
				ALWAYS_SEARCH_USER_PATHS = NO;
				CLANG_ANALYZER_NONNULL = YES;
				CLANG_ANALYZER_NUMBER_OBJECT_CONVERSION = YES_AGGRESSIVE;
				CLANG_CXX_LANGUAGE_STANDARD = "gnu++14";
				CLANG_CXX_LIBRARY = "libc++";
				CLANG_ENABLE_MODULES = YES;
				CLANG_ENABLE_OBJC_ARC = YES;
				CLANG_WARN_BLOCK_CAPTURE_AUTORELEASING = YES;
				CLANG_WARN_BOOL_CONVERSION = YES;
				CLANG_WARN_COMMA = YES;
				CLANG_WARN_CONSTANT_CONVERSION = YES;
				CLANG_WARN_DEPRECATED_OBJC_IMPLEMENTATIONS = YES;
				CLANG_WARN_DIRECT_OBJC_ISA_USAGE = YES_ERROR;
				CLANG_WARN_DOCUMENTATION_COMMENTS = YES;
				CLANG_WARN_EMPTY_BODY = YES;
				CLANG_WARN_ENUM_CONVERSION = YES;
				CLANG_WARN_INFINITE_RECURSION = YES;
				CLANG_WARN_INT_CONVERSION = YES;
				CLANG_WARN_NON_LITERAL_NULL_CONVERSION = YES;
				CLANG_WARN_OBJC_IMPLICIT_RETAIN_SELF = YES;
				CLANG_WARN_OBJC_LITERAL_CONVERSION = YES;
				CLANG_WARN_OBJC_ROOT_CLASS = YES_ERROR;
				CLANG_WARN_RANGE_LOOP_ANALYSIS = YES;
				CLANG_WARN_STRICT_PROTOTYPES = YES;
				CLANG_WARN_SUSPICIOUS_MOVE = YES;
				CLANG_WARN_UNGUARDED_AVAILABILITY = YES;
				CLANG_WARN_UNREACHABLE_CODE = YES;
				CLANG_WARN__DUPLICATE_METHOD_MATCH = YES;
				COPY_PHASE_STRIP = NO;
				DEBUG_INFORMATION_FORMAT = "dwarf-with-dsym";
				ENABLE_NS_ASSERTIONS = NO;
				ENABLE_STRICT_OBJC_MSGSEND = YES;
				GCC_C_LANGUAGE_STANDARD = gnu11;
				GCC_NO_COMMON_BLOCKS = YES;
				GCC_WARN_64_TO_32_BIT_CONVERSION = YES;
				GCC_WARN_ABOUT_RETURN_TYPE = YES_ERROR;
				GCC_WARN_UNDECLARED_SELECTOR = YES;
				GCC_WARN_UNINITIALIZED_AUTOS = YES_AGGRESSIVE;
				GCC_WARN_UNUSED_FUNCTION = YES;
				GCC_WARN_UNUSED_VARIABLE = YES;
				IPHONEOS_DEPLOYMENT_TARGET = 12.0;
				MTL_ENABLE_DEBUG_INFO = NO;
				SDKROOT = iphoneos;
				SWIFT_OPTIMIZATION_LEVEL = "-Owholemodule";
				VALIDATE_PRODUCT = YES;
			};
			name = Release;
		};
		B41052331EC2BA04006D9146 /* Debug */ = {
			isa = XCBuildConfiguration;
			buildSettings = {
				ASSETCATALOG_COMPILER_APPICON_NAME = AppIcon;
				CODE_SIGN_ENTITLEMENTS = NFCTagReader/NFCTagReader.entitlements;
				"CODE_SIGN_IDENTITY[sdk=iphoneos*]" = "iPhone Developer";
				CODE_SIGN_STYLE = Automatic;
				DEVELOPMENT_TEAM = ZUTWELNFR9;
				INFOPLIST_FILE = NFCTagReader/Resources/Info.plist;
				LD_RUNPATH_SEARCH_PATHS = "$(inherited) @executable_path/Frameworks";
				PRODUCT_BUNDLE_IDENTIFIER = com.demo.NFCTagReader;
				PRODUCT_NAME = "$(TARGET_NAME)";
				PROVISIONING_PROFILE_SPECIFIER = "";
				SWIFT_SWIFT3_OBJC_INFERENCE = Default;
				SWIFT_VERSION = 4.0;
				TARGETED_DEVICE_FAMILY = 1;
			};
			name = Debug;
		};
		B41052341EC2BA04006D9146 /* Release */ = {
			isa = XCBuildConfiguration;
			buildSettings = {
				ASSETCATALOG_COMPILER_APPICON_NAME = AppIcon;
				CODE_SIGN_ENTITLEMENTS = NFCTagReader/NFCTagReader.entitlements;
				"CODE_SIGN_IDENTITY[sdk=iphoneos*]" = "iPhone Developer";
				CODE_SIGN_STYLE = Automatic;
				DEVELOPMENT_TEAM = ZUTWELNFR9;
				INFOPLIST_FILE = NFCTagReader/Resources/Info.plist;
				LD_RUNPATH_SEARCH_PATHS = "$(inherited) @executable_path/Frameworks";
				PRODUCT_BUNDLE_IDENTIFIER = com.demo.NFCTagReader;
				PRODUCT_NAME = "$(TARGET_NAME)";
				PROVISIONING_PROFILE_SPECIFIER = "";
				SWIFT_SWIFT3_OBJC_INFERENCE = Default;
				SWIFT_VERSION = 4.0;
				TARGETED_DEVICE_FAMILY = 1;
			};
			name = Release;
		};
/* End XCBuildConfiguration section */

/* Begin XCConfigurationList section */
		B410521B1EC2BA04006D9146 /* Build configuration list for PBXProject "NFCTagReader" */ = {
			isa = XCConfigurationList;
			buildConfigurations = (
				B41052301EC2BA04006D9146 /* Debug */,
				B41052311EC2BA04006D9146 /* Release */,
			);
			defaultConfigurationIsVisible = 0;
			defaultConfigurationName = Release;
		};
		B41052321EC2BA04006D9146 /* Build configuration list for PBXNativeTarget "NFCTagReader" */ = {
			isa = XCConfigurationList;
			buildConfigurations = (
				B41052331EC2BA04006D9146 /* Debug */,
				B41052341EC2BA04006D9146 /* Release */,
			);
			defaultConfigurationIsVisible = 0;
			defaultConfigurationName = Release;
		};
/* End XCConfigurationList section */
	};
	rootObject = B41052181EC2BA04006D9146 /* Project object */;
}
